{
    "_meta": {
        "hash": {
            "sha256": "8e1adf6515c4da19011e78e207439f9c16dddd5d0c01d56565dedfae858dbfac"
        },
        "pipfile-spec": 6,
        "requires": {
            "python_version": "3.9"
        },
        "sources": [
            {
                "name": "pypi",
                "url": "https://pypi.org/simple",
                "verify_ssl": true
            }
        ]
    },
    "default": {
        "certifi": {
            "hashes": [
                "sha256:1a4995114262bffbc2413b159f2a1a480c969de6e6eb13ee966d470af86af59c",
                "sha256:719a74fb9e33b9bd44cc7f3a8d94bc35e4049deebe19ba7d8e108280cfd59830"
            ],
            "version": "==2020.12.5"
        },
        "jplephem": {
            "hashes": [
                "sha256:e0017de1a45015b247faa8d15ebf35d2014abe949135f3703a3252adb96e43b1"
            ],
            "version": "==2.15"
        },
        "lunardate": {
            "hashes": [
                "sha256:5619d625809ebcaa673c4e321cd1ea82e649e9bb47e42e6479fe15bbc2b5bffe",
                "sha256:6c9c96d9f01522a10ab35df1a9b48707ae64a086f13fd34498b43f465918cc6f",
                "sha256:838e84b95d185a12f8bd0c5bdd74864be52d55436bed56927fdc91f4d21ad6b6",
                "sha256:dd7d7c7a61dbb843662eb8b04da2f0c8bb1e9e2c1dd8acced6ebcb21151eb19c",
                "sha256:f0bb5938d7c7f363a26f599a3c27b7f5560edd8b689ef3c5865ec401dfc7ed88"
            ],
            "version": "==0.2.0"
        },
        "mypy-extensions": {
            "hashes": [
                "sha256:090fedd75945a69ae91ce1303b5824f428daf5a028d2f6ab8a299250a846f15d",
                "sha256:2d82818f5bb3e369420cb3c4060a7970edba416647068eb4c5343488a6c604a8"
            ],
            "version": "==0.4.3"
        },
        "numpy": {
            "hashes": [
                "sha256:032be656d89bbf786d743fee11d01ef318b0781281241997558fa7950028dd29",
                "sha256:104f5e90b143dbf298361a99ac1af4cf59131218a045ebf4ee5990b83cff5fab",
                "sha256:125a0e10ddd99a874fd357bfa1b636cd58deb78ba4a30b5ddb09f645c3512e04",
                "sha256:12e4ba5c6420917571f1a5becc9338abbde71dd811ce40b37ba62dec7b39af6d",
                "sha256:13adf545732bb23a796914fe5f891a12bd74cf3d2986eed7b7eba2941eea1590",
                "sha256:2d7e27442599104ee08f4faed56bb87c55f8b10a5494ac2ead5c98a4b289e61f",
                "sha256:3bc63486a870294683980d76ec1e3efc786295ae00128f9ea38e2c6e74d5a60a",
                "sha256:3d3087e24e354c18fb35c454026af3ed8997cfd4997765266897c68d724e4845",
                "sha256:4ed8e96dc146e12c1c5cdd6fb9fd0757f2ba66048bf94c5126b7efebd12d0090",
                "sha256:60759ab15c94dd0e1ed88241fd4fa3312db4e91d2c8f5a2d4cf3863fad83d65b",
                "sha256:65410c7f4398a0047eea5cca9b74009ea61178efd78d1be9847fac1d6716ec1e",
                "sha256:66b467adfcf628f66ea4ac6430ded0614f5cc06ba530d09571ea404789064adc",
                "sha256:7199109fa46277be503393be9250b983f325880766f847885607d9b13848f257",
                "sha256:72251e43ac426ff98ea802a931922c79b8d7596480300eb9f1b1e45e0543571e",
                "sha256:89e5336f2bec0c726ac7e7cdae181b325a9c0ee24e604704ed830d241c5e47ff",
                "sha256:89f937b13b8dd17b0099c7c2e22066883c86ca1575a975f754babc8fbf8d69a9",
                "sha256:9c94cab5054bad82a70b2e77741271790304651d584e2cdfe2041488e753863b",
                "sha256:9eb551d122fadca7774b97db8a112b77231dcccda8e91a5bc99e79890797175e",
                "sha256:a1d7995d1023335e67fb070b2fae6f5968f5be3802b15ad6d79d81ecaa014fe0",
                "sha256:ae61f02b84a0211abb56462a3b6cd1e7ec39d466d3160eb4e1da8bf6717cdbeb",
                "sha256:b9410c0b6fed4a22554f072a86c361e417f0258838957b78bd063bde2c7f841f",
                "sha256:c26287dfc888cf1e65181f39ea75e11f42ffc4f4529e5bd19add57ad458996e2",
                "sha256:c91ec9569facd4757ade0888371eced2ecf49e7982ce5634cc2cf4e7331a4b14",
                "sha256:ecb5b74c702358cdc21268ff4c37f7466357871f53a30e6f84c686952bef16a9"
            ],
            "markers": "python_version >= '3.7'",
            "version": "==1.20.1"
        },
        "pycalverter": {
            "hashes": [
                "sha256:91e26c5d06dfe1495e5b946a724ae691e57ea634ee4a9529a7952b837c041111"
            ],
            "version": "==1.6.1"
        },
        "pyluach": {
            "hashes": [
                "sha256:68da23d94a6f36e02d3ba47317288683de09081485828c5889b0bfa94f083f87",
                "sha256:7cdcee5aeaac82a6405ce3992fd872edaab03e13b49e34b3e415491cc5acb157"
            ],
            "markers": "python_version >= '3.4'",
            "version": "==1.2.1"
        },
        "python-dateutil": {
            "hashes": [
                "sha256:73ebfe9dbf22e832286dafa60473e4cd239f8592f699aa5adaf10050e6e1823c",
                "sha256:75bb3f31ea686f1197762692a9ee6a7550b59fc6ca3a1f4b5d7e32fb98e2da2a"
            ],
            "markers": "python_version >= '2.7' and python_version not in '3.0, 3.1, 3.2, 3.3'",
            "version": "==2.8.1"
        },
        "pytz": {
            "hashes": [
                "sha256:83a4a90894bf38e243cf052c8b58f381bfe9a7a483f6a9cab140bc7f702ac4da",
                "sha256:eb10ce3e7736052ed3623d49975ce333bcd712c7bb19a58b9e2089d4057d0798"
            ],
            "version": "==2021.1"
        },
        "sgp4": {
            "hashes": [
                "sha256:1073b970fcbb32bcb4052f27a8a913815c3a50743a1eb6136f82772b18c4c915",
                "sha256:1cdc963fb3deebecdbe37df7cd9d59cdf8f1ce14741896ae33ed122b743e805c",
                "sha256:21eb83c2b302d539d4925900ce22da22400bea3c795951f97fb67d52c948e900",
                "sha256:255174b1a25891e783842935f7e4483698afe0865fc0419d0e21c9a20899166d",
                "sha256:29c96d0727edfa05201fd97f402b1c1b2b33dd8a63b8c49b8f824b278553ce30",
                "sha256:29d09d996cb2144714a74fb21eca13022b42877a5d3e5983dd6b6b48454e2ede",
                "sha256:2a7febfd91f0fd64bbbfcc6d9c220690f3410597d487d1de3e6a9f7ef45468d8",
                "sha256:351312a810aa28a9e371acef563ecf72ecc1a386508d6f9ab4ba696cf69eb5e3",
                "sha256:3522a4f7396c47a81f344166bf1a615f0382c9d3948d061b5f5e71d1ca4123ad",
                "sha256:3f884a4f24f5ff61f9053deb627c95db5faf64ec654e4d4d54986fe23860bc32",
                "sha256:449ef73a46e05f2d0e6d12c48b62c5789b30ed85ce62965c8d60ee9d3f5d2c5a",
                "sha256:52a6ee66cc64792a4767c4ef5a4c47b6bd064e36d42edac77721dd5cdb5f947d",
                "sha256:538fd4cd6947764b0fbc302c1a1a6d9080007c72d17fdf1cca182da5445e08e0",
                "sha256:5cdbb88137f34a61d8a0a233ca2b357cbe13d9834b209569e03f9faab695b54d",
                "sha256:632f87fd7d5f2220fcd2202a5da49a1ad05cb1829e48855137b5cd97665ec346",
                "sha256:6b6359f08bf5ad423a023d04fe5f0052b569f70f04928e6a97bd6d3b5c68f86b",
                "sha256:6d08eb24195b2cf82930e746192a03d41212619a262764a681ec45efc185ddbe",
                "sha256:762b9f8c4e202c55f236a492ccbf89d681510902b00ac464a2a6098847d68137",
                "sha256:7745c7c7a62385c27854d7cffe00441da373f9cf2b6db07b2b92bd2324a71018",
                "sha256:7dd8e209c3cfb3b2c538f032caa7c573a28ce0a371e55582086a6a2d2d45a357",
                "sha256:8b50de6e938d49a1044e712670fb07e36d152e7abcf1da6e593caf11caed4137",
                "sha256:8bbacfb654c7351a32e0d4f01375c4faa2d8579589c27333fe89d24f8d098d7a",
                "sha256:8f87ca1f0d615b35d6c4bb1ebcf29aeeb44d69280b3a8e147fd92c76e6722e0f",
                "sha256:918cf45a7e88124dbed55ce902c14fa12203e8c3c3c8d0ec5da9ae8e3d2cba81",
                "sha256:958ff08b21e62694c8f6ee873cdc76494cb7126e80db395ffbfcfccc63e324d6",
                "sha256:9bd185aee53decfdccd5d9bc92a25d1f4582b6cafb0f76fbdf7f5251e08b6e2c",
                "sha256:a76ddf3034747b2128844bb2bb757e435a770a495015aa3400113a2bc5d34af8",
                "sha256:bdb8e31cb2f5cf8a3e0d8ebf9ccd380c64fe872c4f9b9ea0cdc5e3bf729df43e",
                "sha256:be22bafcae01fc379b1823a3526096edf5c5c0c64b3c0f28ef91eddf08468fbc",
                "sha256:c18fd089a5e7660b60cad9effe4d654931c8023e9c469a43416ff20c6ef5af58",
                "sha256:c58155c687c4b20b37ba0dc68c6ee5a87f9e17d9f036b3daae8c86cf3356fb06",
                "sha256:c6dcdd53752f8048195a0b3d5902dc13c11694dd129c73f9e4d3de6b20a2a0e5",
                "sha256:c98205bfe99802f18d6917112fce1e4dbb9505f9ebcb6c23582d6465bd686db4",
                "sha256:ca224d6567f0d0f59a1bcc1fa8b5dd765a401e046c416b5804173668fb53c2fd",
                "sha256:cce8142be05ad2a5706a7f297d673f6f0017c41bfae6d1158c2ff2ee0772a2f0",
                "sha256:db36f2b7177520a263b238f2b88d8a3eb1f6a5e00b7bb6fb34bee65857431d61",
                "sha256:e095fbfacc49c56ef847baaef1ce8756661ff5f05d863cb57d1361bf6744c03c",
                "sha256:edbac400aa5aeb15dec15c43fa92417351ec3df56b86ec961dbaf48828ae30a6",
                "sha256:f4251912b603bb4b5d0d8cc8f1495d69688577ae23fb9493e7aab8d63aeae6cc",
                "sha256:f70894042b0bf9e2efc4ec733a0b161d8ef2d9b130ea89946364a6085d29400a",
                "sha256:fdfff689ae7c0d230e5db5e00c2b258dcce326341ccefa7ec5b3a8458f537398"
            ],
            "version": "==2.15"
        },
        "six": {
            "hashes": [
                "sha256:30639c035cdb23534cd4aa2dd52c3bf48f06e5f4a941509c8bafd8ce11080259",
                "sha256:8b74bedcbbbaca38ff6d7491d76f2b06b3592611af620f8426e82dddb04a5ced"
            ],
            "markers": "python_version >= '2.7' and python_version not in '3.0, 3.1, 3.2, 3.3'",
            "version": "==1.15.0"
        },
        "skyfield": {
            "hashes": [
                "sha256:06727f67db494a8cea4cd58bf2b10b5b1c0a576b3bd395249d6363a28e18a1b6"
            ],
            "version": "==1.36"
        },
        "skyfield-data": {
            "hashes": [
                "sha256:107b07a238633294ee5c3bb668ecc427619e6a3dd8364e51144eb451f99894bd",
                "sha256:c1185c9aa316413fdd76ce5c81cc9a7d548fa95631037e47ba0fc028f131c760"
            ],
            "markers": "python_version >= '2.6' and python_version not in '3.0, 3.1, 3.2, 3.3, 3.4' and python_version < '4'",
            "version": "==3.0.0"
        },
        "typed-argument-parser": {
            "hashes": [
                "sha256:4d8df5d03bc2d5e5e86b7802afc817f4ab5a0445a6f26cafdf3a69166c2fbd03"
            ],
            "index": "pypi",
            "version": "==1.6.1"
        },
        "typing-extensions": {
            "hashes": [
                "sha256:7cb407020f00f7bfc3cb3e7881628838e69d8f3fcab2f64742a5e76b2f841918",
                "sha256:99d4073b617d30288f569d3f13d2bd7548c3a7e4c8de87db09a9d29bb3a4a60c",
                "sha256:dafc7639cde7f1b6e1acc0f457842a83e722ccca8eef5270af2d74792619a89f"
            ],
            "version": "==3.7.4.3"
        },
        "typing-inspect": {
            "hashes": [
                "sha256:3b98390df4d999a28cf5b35d8b333425af5da2ece8a4ea9e98f71e7591347b4f",
                "sha256:8f1b1dd25908dbfd81d3bebc218011531e7ab614ba6e5bf7826d887c834afab7",
                "sha256:de08f50a22955ddec353876df7b2545994d6df08a2f45d54ac8c05e530372ca0"
            ],
            "version": "==0.6.0"
        },
        "workalendar": {
            "hashes": [
                "sha256:17d508c547b6b2327a4a245ce5460fea66b0d40dffc0e08870f3c63bc3a16771",
                "sha256:aba673ad59d0046643403c361aaebd0441e2bebdcadbbf202e1ebb16f0ed51cc"
            ],
            "index": "pypi",
            "version": "==14.3.0"
        }
    },
    "develop": {}
}
